
Microsoft Visual Studio Solution File, Format Version 12.00
# Visual Studio Version 16
VisualStudioVersion = 16.0.29613.14
MinimumVisualStudioVersion = 10.0.40219.1
Project("{FAE04EC0-301F-11D3-BF4B-00C04F79EFBC}") = "KurumsalWeb", "KurumsalWeb\KurumsalWeb.csproj", "{F66C1725-27D8-4370-A886-D22CD5E25114}"
EndProject
Global
	GlobalSection(SolutionConfigurationPlatforms) = preSolution
		Debug|Any CPU = Debug|Any CPU
		Release|Any CPU = Release|Any CPU
	EndGlobalSection
	GlobalSection(ProjectConfigurationPlatforms) = postSolution
		{F66C1725-27D8-4370-A886-D22CD5E25114}.Debug|Any CPU.ActiveCfg = Debug|Any CPU
		{F66C1725-27D8-4370-A886-D22CD5E25114}.Debug|Any CPU.Build.0 = Debug|Any CPU
		{F66C1725-27D8-4370-A886-D22CD5E25114}.Release|Any CPU.ActiveCfg = Release|Any CPU
		{F66C1725-27D8-4370-A886-D22CD5E25114}.Release|Any CPU.Build.0 = Release|Any CPU
	EndGlobalSection
	GlobalSection(SolutionProperties) = preSolution
		HideSolutionNode = FALSE
	EndGlobalSection
	GlobalSection(ExtensibilityGlobals) = postSolution
		SolutionGuid = {A1D67485-0061-4078-841B-0E0EB67E381E}
	EndGlobalSection
EndGlobal
